<?xml version="1.0" encoding="UTF-8" standalone="yes" ?>
<CodeBlocks_project_file>
	<FileVersion major="1" minor="6" />
	<Project>
		<Option title="miguel_training_codeblocks" />
		<Option pch_mode="2" />
		<Option compiler="gcc" />
		<Build>
			<Target title="Debug">
				<Option output="bin/Debug/miguel_training_codeblocks" prefix_auto="1" extension_auto="1" />
				<Option object_output="obj/Debug/" />
				<Option type="1" />
				<Option compiler="gcc" />
				<Compiler>
					<Add option="-g" />
				</Compiler>
				<Linker>
					<Add library="sfml-graphics-d" />
					<Add library="sfml-window-d" />
					<Add library="sfml-system-d" />
				</Linker>
			</Target>
			<Target title="Release">
				<Option output="bin/Release/miguel_training_codeblocks" prefix_auto="1" extension_auto="1" />
				<Option object_output="obj/Release/" />
				<Option type="1" />
				<Option compiler="gcc" />
				<Compiler>
					<Add option="-O2" />
				</Compiler>
				<Linker>
					<Add option="-s" />
					<Add library="sfml-graphics" />
					<Add library="sfml-windows" />
					<Add library="sfml-system" />
				</Linker>
			</Target>
		</Build>
		<Compiler>
			<Add option="-Wall" />
			<Add directory="../../../../SFML-2.5.1/include" />
		</Compiler>
		<Linker>
			<Add directory="../../../../SFML-2.5.1/lib" />
		</Linker>
		<Unit filename="../../Training_miguel/background.cpp" />
		<Unit filename="../../Training_miguel/background.h" />
		<Unit filename="../../Training_miguel/compilation" />
		<Unit filename="../../Training_miguel/fonction.cpp" />
		<Unit filename="../../Training_miguel/fonction.h" />
		<Unit filename="../../Training_miguel/hitbox.cpp" />
		<Unit filename="../../Training_miguel/hitbox.h" />
		<Unit filename="../../Training_miguel/main.cpp" />
		<Unit filename="../../Training_miguel/personnage.cpp" />
		<Unit filename="../../Training_miguel/personnage.h" />
		<Extensions>
			<code_completion />
			<envvars />
			<debugger />
		</Extensions>
	</Project>
</CodeBlocks_project_file>
